
Microsoft Visual Studio Solution File, Format Version 12.00
# Visual Studio 2012
Project("{FAE04EC0-301F-11D3-BF4B-00C04F79EFBC}") = "StringTable_Ita", "StringTable_Ita.csproj", "{90E98FC0-E8B4-41F7-8028-1A8D8FFC0B92}"
EndProject
Global
	GlobalSection(SolutionConfigurationPlatforms) = preSolution
		Debug|Any CPU = Debug|Any CPU
		Release|Any CPU = Release|Any CPU
	EndGlobalSection
	GlobalSection(ProjectConfigurationPlatforms) = postSolution
		{90E98FC0-E8B4-41F7-8028-1A8D8FFC0B92}.Debug|Any CPU.ActiveCfg = Debug|Any CPU
		{90E98FC0-E8B4-41F7-8028-1A8D8FFC0B92}.Debug|Any CPU.Build.0 = Debug|Any CPU
		{90E98FC0-E8B4-41F7-8028-1A8D8FFC0B92}.Release|Any CPU.ActiveCfg = Release|Any CPU
		{90E98FC0-E8B4-41F7-8028-1A8D8FFC0B92}.Release|Any CPU.Build.0 = Release|Any CPU
	EndGlobalSection
	GlobalSection(SolutionProperties) = preSolution
		HideSolutionNode = FALSE
	EndGlobalSection
EndGlobal
